
Microsoft Visual Studio Solution File, Format Version 12.00
# Visual Studio 15
VisualStudioVersion = 15.0.27428.2043
MinimumVisualStudioVersion = 10.0.40219.1
Project("{FAE04EC0-301F-11D3-BF4B-00C04F79EFBC}") = "Jtr.Framework", "Jtr.Framework\Jtr.Framework.csproj", "{EC2ED390-C924-472B-81A9-3CE63D06F5A7}"
EndProject
Project("{FAE04EC0-301F-11D3-BF4B-00C04F79EFBC}") = "Jtr.Model", "Jtr.Model\Jtr.Model.csproj", "{62D71203-EACD-4D2C-B56A-CB6232CD8657}"
EndProject
Project("{FAE04EC0-301F-11D3-BF4B-00C04F79EFBC}") = "Jtr.DAL", "Jtr.DAL\Jtr.DAL.csproj", "{0A0BCF3F-6A93-4A46-91FE-18F1CC4EF1DC}"
EndProject
Project("{FAE04EC0-301F-11D3-BF4B-00C04F79EFBC}") = "Jtr.IDAL", "Jtr.IDAL\Jtr.IDAL.csproj", "{62D46890-5C9D-4B8F-9C64-533703AE30D7}"
EndProject
Project("{FAE04EC0-301F-11D3-BF4B-00C04F79EFBC}") = "Jtr.Project", "Jtr.Project\Jtr.Project.csproj", "{0232BEE5-5FD5-46A1-90D9-53A5CC2C46CD}"
EndProject
Global
	GlobalSection(SolutionConfigurationPlatforms) = preSolution
		Debug|Any CPU = Debug|Any CPU
		Release|Any CPU = Release|Any CPU
	EndGlobalSection
	GlobalSection(ProjectConfigurationPlatforms) = postSolution
		{EC2ED390-C924-472B-81A9-3CE63D06F5A7}.Debug|Any CPU.ActiveCfg = Debug|Any CPU
		{EC2ED390-C924-472B-81A9-3CE63D06F5A7}.Debug|Any CPU.Build.0 = Debug|Any CPU
		{EC2ED390-C924-472B-81A9-3CE63D06F5A7}.Release|Any CPU.ActiveCfg = Release|Any CPU
		{EC2ED390-C924-472B-81A9-3CE63D06F5A7}.Release|Any CPU.Build.0 = Release|Any CPU
		{62D71203-EACD-4D2C-B56A-CB6232CD8657}.Debug|Any CPU.ActiveCfg = Debug|Any CPU
		{62D71203-EACD-4D2C-B56A-CB6232CD8657}.Debug|Any CPU.Build.0 = Debug|Any CPU
		{62D71203-EACD-4D2C-B56A-CB6232CD8657}.Release|Any CPU.ActiveCfg = Release|Any CPU
		{62D71203-EACD-4D2C-B56A-CB6232CD8657}.Release|Any CPU.Build.0 = Release|Any CPU
		{0A0BCF3F-6A93-4A46-91FE-18F1CC4EF1DC}.Debug|Any CPU.ActiveCfg = Debug|Any CPU
		{0A0BCF3F-6A93-4A46-91FE-18F1CC4EF1DC}.Debug|Any CPU.Build.0 = Debug|Any CPU
		{0A0BCF3F-6A93-4A46-91FE-18F1CC4EF1DC}.Release|Any CPU.ActiveCfg = Release|Any CPU
		{0A0BCF3F-6A93-4A46-91FE-18F1CC4EF1DC}.Release|Any CPU.Build.0 = Release|Any CPU
		{62D46890-5C9D-4B8F-9C64-533703AE30D7}.Debug|Any CPU.ActiveCfg = Debug|Any CPU
		{62D46890-5C9D-4B8F-9C64-533703AE30D7}.Debug|Any CPU.Build.0 = Debug|Any CPU
		{62D46890-5C9D-4B8F-9C64-533703AE30D7}.Release|Any CPU.ActiveCfg = Release|Any CPU
		{62D46890-5C9D-4B8F-9C64-533703AE30D7}.Release|Any CPU.Build.0 = Release|Any CPU
		{0232BEE5-5FD5-46A1-90D9-53A5CC2C46CD}.Debug|Any CPU.ActiveCfg = Debug|Any CPU
		{0232BEE5-5FD5-46A1-90D9-53A5CC2C46CD}.Debug|Any CPU.Build.0 = Debug|Any CPU
		{0232BEE5-5FD5-46A1-90D9-53A5CC2C46CD}.Release|Any CPU.ActiveCfg = Release|Any CPU
		{0232BEE5-5FD5-46A1-90D9-53A5CC2C46CD}.Release|Any CPU.Build.0 = Release|Any CPU
	EndGlobalSection
	GlobalSection(SolutionProperties) = preSolution
		HideSolutionNode = FALSE
	EndGlobalSection
	GlobalSection(ExtensibilityGlobals) = postSolution
		SolutionGuid = {6DD453B0-AE4D-4E8D-8C11-11CE43608FD6}
	EndGlobalSection
EndGlobal
